// !$*UTF8*$!
{
	archiveVersion = 1;
	classes = {
	};
	objectVersion = 50;
	objects = {

/* Begin PBXBuildFile section */
		D97A694D26AB1CE500226229 /* MessageBoardApp.swift in Sources */ = {isa = PBXBuildFile; fileRef = D97A694C26AB1CE500226229 /* MessageBoardApp.swift */; };
		D97A694F26AB1CE500226229 /* PostView.swift in Sources */ = {isa = PBXBuildFile; fileRef = D97A694E26AB1CE500226229 /* PostView.swift */; };
		D97A695126AB1CE700226229 /* Assets.xcassets in Resources */ = {isa = PBXBuildFile; fileRef = D97A695026AB1CE700226229 /* Assets.xcassets */; };
		D97A695426AB1CE700226229 /* Preview Assets.xcassets in Resources */ = {isa = PBXBuildFile; fileRef = D97A695326AB1CE700226229 /* Preview Assets.xcassets */; };
		D97A695F26AB1DB000226229 /* Constants.swift in Sources */ = {isa = PBXBuildFile; fileRef = D97A695E26AB1DB000226229 /* Constants.swift */; };
		D97A696126AB1E2200226229 /* User.swift in Sources */ = {isa = PBXBuildFile; fileRef = D97A696026AB1E2200226229 /* User.swift */; };
		D97A696426AB1E8700226229 /* Address.swift in Sources */ = {isa = PBXBuildFile; fileRef = D97A696326AB1E8700226229 /* Address.swift */; };
		D97A696626AB1EFB00226229 /* GeoLocation.swift in Sources */ = {isa = PBXBuildFile; fileRef = D97A696526AB1EFB00226229 /* GeoLocation.swift */; };
		D97A696826AB1F8400226229 /* Company.swift in Sources */ = {isa = PBXBuildFile; fileRef = D97A696726AB1F8400226229 /* Company.swift */; };
		D97A696B26AB258700226229 /* Post.swift in Sources */ = {isa = PBXBuildFile; fileRef = D97A696A26AB258700226229 /* Post.swift */; };
		D97A696D26AB2DF600226229 /* Comment.swift in Sources */ = {isa = PBXBuildFile; fileRef = D97A696C26AB2DF600226229 /* Comment.swift */; };
		D97A696F26AB2EF000226229 /* UserView.swift in Sources */ = {isa = PBXBuildFile; fileRef = D97A696E26AB2EF000226229 /* UserView.swift */; };
		D97A697326AB5C5E00226229 /* UserCard.swift in Sources */ = {isa = PBXBuildFile; fileRef = D97A697226AB5C5E00226229 /* UserCard.swift */; };
		D97A697826AC1A8200226229 /* PostCard.swift in Sources */ = {isa = PBXBuildFile; fileRef = D97A697726AC1A8200226229 /* PostCard.swift */; };
		D97A697E26AC3B7500226229 /* Extentions.swift in Sources */ = {isa = PBXBuildFile; fileRef = D97A697D26AC3B7500226229 /* Extentions.swift */; };
		D97A698026AC3EEE00226229 /* UserDetailView.swift in Sources */ = {isa = PBXBuildFile; fileRef = D97A697F26AC3EEE00226229 /* UserDetailView.swift */; };
		D97A698426AC67EA00226229 /* CommentCard.swift in Sources */ = {isa = PBXBuildFile; fileRef = D97A698326AC67EA00226229 /* CommentCard.swift */; };
/* End PBXBuildFile section */

/* Begin PBXFileReference section */
		D97A694926AB1CE500226229 /* MessageBoard.app */ = {isa = PBXFileReference; explicitFileType = wrapper.application; includeInIndex = 0; path = MessageBoard.app; sourceTree = BUILT_PRODUCTS_DIR; };
		D97A694C26AB1CE500226229 /* MessageBoardApp.swift */ = {isa = PBXFileReference; lastKnownFileType = sourcecode.swift; path = MessageBoardApp.swift; sourceTree = "<group>"; };
		D97A694E26AB1CE500226229 /* PostView.swift */ = {isa = PBXFileReference; lastKnownFileType = sourcecode.swift; path = PostView.swift; sourceTree = "<group>"; };
		D97A695026AB1CE700226229 /* Assets.xcassets */ = {isa = PBXFileReference; lastKnownFileType = folder.assetcatalog; path = Assets.xcassets; sourceTree = "<group>"; };
		D97A695326AB1CE700226229 /* Preview Assets.xcassets */ = {isa = PBXFileReference; lastKnownFileType = folder.assetcatalog; path = "Preview Assets.xcassets"; sourceTree = "<group>"; };
		D97A695526AB1CE700226229 /* Info.plist */ = {isa = PBXFileReference; lastKnownFileType = text.plist.xml; path = Info.plist; sourceTree = "<group>"; };
		D97A695E26AB1DB000226229 /* Constants.swift */ = {isa = PBXFileReference; lastKnownFileType = sourcecode.swift; path = Constants.swift; sourceTree = "<group>"; };
		D97A696026AB1E2200226229 /* User.swift */ = {isa = PBXFileReference; lastKnownFileType = sourcecode.swift; path = User.swift; sourceTree = "<group>"; };
		D97A696326AB1E8700226229 /* Address.swift */ = {isa = PBXFileReference; lastKnownFileType = sourcecode.swift; path = Address.swift; sourceTree = "<group>"; };
		D97A696526AB1EFB00226229 /* GeoLocation.swift */ = {isa = PBXFileReference; lastKnownFileType = sourcecode.swift; path = GeoLocation.swift; sourceTree = "<group>"; };
		D97A696726AB1F8400226229 /* Company.swift */ = {isa = PBXFileReference; lastKnownFileType = sourcecode.swift; path = Company.swift; sourceTree = "<group>"; };
		D97A696A26AB258700226229 /* Post.swift */ = {isa = PBXFileReference; lastKnownFileType = sourcecode.swift; path = Post.swift; sourceTree = "<group>"; };
		D97A696C26AB2DF600226229 /* Comment.swift */ = {isa = PBXFileReference; lastKnownFileType = sourcecode.swift; path = Comment.swift; sourceTree = "<group>"; };
		D97A696E26AB2EF000226229 /* UserView.swift */ = {isa = PBXFileReference; lastKnownFileType = sourcecode.swift; path = UserView.swift; sourceTree = "<group>"; };
		D97A697226AB5C5E00226229 /* UserCard.swift */ = {isa = PBXFileReference; lastKnownFileType = sourcecode.swift; path = UserCard.swift; sourceTree = "<group>"; };
		D97A697726AC1A8200226229 /* PostCard.swift */ = {isa = PBXFileReference; lastKnownFileType = sourcecode.swift; path = PostCard.swift; sourceTree = "<group>"; };
		D97A697D26AC3B7500226229 /* Extentions.swift */ = {isa = PBXFileReference; lastKnownFileType = sourcecode.swift; path = Extentions.swift; sourceTree = "<group>"; };
		D97A697F26AC3EEE00226229 /* UserDetailView.swift */ = {isa = PBXFileReference; lastKnownFileType = sourcecode.swift; path = UserDetailView.swift; sourceTree = "<group>"; };
		D97A698326AC67EA00226229 /* CommentCard.swift */ = {isa = PBXFileReference; lastKnownFileType = sourcecode.swift; path = CommentCard.swift; sourceTree = "<group>"; };
/* End PBXFileReference section */

/* Begin PBXFrameworksBuildPhase section */
		D97A694626AB1CE500226229 /* Frameworks */ = {
			isa = PBXFrameworksBuildPhase;
			buildActionMask = 2147483647;
			files = (
			);
			runOnlyForDeploymentPostprocessing = 0;
		};
/* End PBXFrameworksBuildPhase section */

/* Begin PBXGroup section */
		D97A694026AB1CE500226229 = {
			isa = PBXGroup;
			children = (
				D97A694B26AB1CE500226229 /* MessageBoard */,
				D97A694A26AB1CE500226229 /* Products */,
			);
			sourceTree = "<group>";
		};
		D97A694A26AB1CE500226229 /* Products */ = {
			isa = PBXGroup;
			children = (
				D97A694926AB1CE500226229 /* MessageBoard.app */,
			);
			name = Products;
			sourceTree = "<group>";
		};
		D97A694B26AB1CE500226229 /* MessageBoard */ = {
			isa = PBXGroup;
			children = (
				D97A696926AB213300226229 /* App */,
				D97A695D26AB1D9C00226229 /* Constants */,
				D97A695C26AB1D9700226229 /* Model */,
				D97A695B26AB1D9200226229 /* View */,
				D97A695026AB1CE700226229 /* Assets.xcassets */,
				D97A695526AB1CE700226229 /* Info.plist */,
				D97A695226AB1CE700226229 /* Preview Content */,
			);
			path = MessageBoard;
			sourceTree = "<group>";
		};
		D97A695226AB1CE700226229 /* Preview Content */ = {
			isa = PBXGroup;
			children = (
				D97A695326AB1CE700226229 /* Preview Assets.xcassets */,
			);
			path = "Preview Content";
			sourceTree = "<group>";
		};
		D97A695B26AB1D9200226229 /* View */ = {
			isa = PBXGroup;
			children = (
				D97A694E26AB1CE500226229 /* PostView.swift */,
				D97A696E26AB2EF000226229 /* UserView.swift */,
				D97A697226AB5C5E00226229 /* UserCard.swift */,
				D97A697726AC1A8200226229 /* PostCard.swift */,
				D97A697F26AC3EEE00226229 /* UserDetailView.swift */,
				D97A698326AC67EA00226229 /* CommentCard.swift */,
			);
			path = View;
			sourceTree = "<group>";
		};
		D97A695C26AB1D9700226229 /* Model */ = {
			isa = PBXGroup;
			children = (
				D97A696026AB1E2200226229 /* User.swift */,
				D97A696326AB1E8700226229 /* Address.swift */,
				D97A696526AB1EFB00226229 /* GeoLocation.swift */,
				D97A696726AB1F8400226229 /* Company.swift */,
				D97A696A26AB258700226229 /* Post.swift */,
				D97A696C26AB2DF600226229 /* Comment.swift */,
			);
			path = Model;
			sourceTree = "<group>";
		};
		D97A695D26AB1D9C00226229 /* Constants */ = {
			isa = PBXGroup;
			children = (
				D97A695E26AB1DB000226229 /* Constants.swift */,
				D97A697D26AC3B7500226229 /* Extentions.swift */,
			);
			path = Constants;
			sourceTree = "<group>";
		};
		D97A696926AB213300226229 /* App */ = {
			isa = PBXGroup;
			children = (
				D97A694C26AB1CE500226229 /* MessageBoardApp.swift */,
			);
			path = App;
			sourceTree = "<group>";
		};
/* End PBXGroup section */

/* Begin PBXNativeTarget section */
		D97A694826AB1CE500226229 /* MessageBoard */ = {
			isa = PBXNativeTarget;
			buildConfigurationList = D97A695826AB1CE700226229 /* Build configuration list for PBXNativeTarget "MessageBoard" */;
			buildPhases = (
				D97A694526AB1CE500226229 /* Sources */,
				D97A694626AB1CE500226229 /* Frameworks */,
				D97A694726AB1CE500226229 /* Resources */,
			);
			buildRules = (
			);
			dependencies = (
			);
			name = MessageBoard;
			productName = MessageBoard;
			productReference = D97A694926AB1CE500226229 /* MessageBoard.app */;
			productType = "com.apple.product-type.application";
		};
/* End PBXNativeTarget section */

/* Begin PBXProject section */
		D97A694126AB1CE500226229 /* Project object */ = {
			isa = PBXProject;
			attributes = {
				LastSwiftUpdateCheck = 1250;
				LastUpgradeCheck = 1250;
				TargetAttributes = {
					D97A694826AB1CE500226229 = {
						CreatedOnToolsVersion = 12.5.1;
					};
				};
			};
			buildConfigurationList = D97A694426AB1CE500226229 /* Build configuration list for PBXProject "MessageBoard" */;
			compatibilityVersion = "Xcode 9.3";
			developmentRegion = en;
			hasScannedForEncodings = 0;
			knownRegions = (
				en,
				Base,
			);
			mainGroup = D97A694026AB1CE500226229;
			productRefGroup = D97A694A26AB1CE500226229 /* Products */;
			projectDirPath = "";
			projectRoot = "";
			targets = (
				D97A694826AB1CE500226229 /* MessageBoard */,
			);
		};
/* End PBXProject section */

/* Begin PBXResourcesBuildPhase section */
		D97A694726AB1CE500226229 /* Resources */ = {
			isa = PBXResourcesBuildPhase;
			buildActionMask = 2147483647;
			files = (
				D97A695426AB1CE700226229 /* Preview Assets.xcassets in Resources */,
				D97A695126AB1CE700226229 /* Assets.xcassets in Resources */,
			);
			runOnlyForDeploymentPostprocessing = 0;
		};
/* End PBXResourcesBuildPhase section */

/* Begin PBXSourcesBuildPhase section */
		D97A694526AB1CE500226229 /* Sources */ = {
			isa = PBXSourcesBuildPhase;
			buildActionMask = 2147483647;
			files = (
				D97A696626AB1EFB00226229 /* GeoLocation.swift in Sources */,
				D97A696126AB1E2200226229 /* User.swift in Sources */,
				D97A697E26AC3B7500226229 /* Extentions.swift in Sources */,
				D97A696F26AB2EF000226229 /* UserView.swift in Sources */,
				D97A694F26AB1CE500226229 /* PostView.swift in Sources */,
				D97A696B26AB258700226229 /* Post.swift in Sources */,
				D97A694D26AB1CE500226229 /* MessageBoardApp.swift in Sources */,
				D97A696826AB1F8400226229 /* Company.swift in Sources */,
				D97A695F26AB1DB000226229 /* Constants.swift in Sources */,
				D97A696D26AB2DF600226229 /* Comment.swift in Sources */,
				D97A698026AC3EEE00226229 /* UserDetailView.swift in Sources */,
				D97A697326AB5C5E00226229 /* UserCard.swift in Sources */,
				D97A697826AC1A8200226229 /* PostCard.swift in Sources */,
				D97A696426AB1E8700226229 /* Address.swift in Sources */,
				D97A698426AC67EA00226229 /* CommentCard.swift in Sources */,
			);
			runOnlyForDeploymentPostprocessing = 0;
		};
/* End PBXSourcesBuildPhase section */

/* Begin XCBuildConfiguration section */
		D97A695626AB1CE700226229 /* Debug */ = {
			isa = XCBuildConfiguration;
			buildSettings = {
				ALWAYS_SEARCH_USER_PATHS = NO;
				CLANG_ANALYZER_NONNULL = YES;
				CLANG_ANALYZER_NUMBER_OBJECT_CONVERSION = YES_AGGRESSIVE;
				CLANG_CXX_LANGUAGE_STANDARD = "gnu++14";
				CLANG_CXX_LIBRARY = "libc++";
				CLANG_ENABLE_MODULES = YES;
				CLANG_ENABLE_OBJC_ARC = YES;
				CLANG_ENABLE_OBJC_WEAK = YES;
				CLANG_WARN_BLOCK_CAPTURE_AUTORELEASING = YES;
				CLANG_WARN_BOOL_CONVERSION = YES;
				CLANG_WARN_COMMA = YES;
				CLANG_WARN_CONSTANT_CONVERSION = YES;
				CLANG_WARN_DEPRECATED_OBJC_IMPLEMENTATIONS = YES;
				CLANG_WARN_DIRECT_OBJC_ISA_USAGE = YES_ERROR;
				CLANG_WARN_DOCUMENTATION_COMMENTS = YES;
				CLANG_WARN_EMPTY_BODY = YES;
				CLANG_WARN_ENUM_CONVERSION = YES;
				CLANG_WARN_INFINITE_RECURSION = YES;
				CLANG_WARN_INT_CONVERSION = YES;
				CLANG_WARN_NON_LITERAL_NULL_CONVERSION = YES;
				CLANG_WARN_OBJC_IMPLICIT_RETAIN_SELF = YES;
				CLANG_WARN_OBJC_LITERAL_CONVERSION = YES;
				CLANG_WARN_OBJC_ROOT_CLASS = YES_ERROR;
				CLANG_WARN_QUOTED_INCLUDE_IN_FRAMEWORK_HEADER = YES;
				CLANG_WARN_RANGE_LOOP_ANALYSIS = YES;
				CLANG_WARN_STRICT_PROTOTYPES = YES;
				CLANG_WARN_SUSPICIOUS_MOVE = YES;
				CLANG_WARN_UNGUARDED_AVAILABILITY = YES_AGGRESSIVE;
				CLANG_WARN_UNREACHABLE_CODE = YES;
				CLANG_WARN__DUPLICATE_METHOD_MATCH = YES;
				COPY_PHASE_STRIP = NO;
				DEBUG_INFORMATION_FORMAT = dwarf;
				ENABLE_STRICT_OBJC_MSGSEND = YES;
				ENABLE_TESTABILITY = YES;
				GCC_C_LANGUAGE_STANDARD = gnu11;
				GCC_DYNAMIC_NO_PIC = NO;
				GCC_NO_COMMON_BLOCKS = YES;
				GCC_OPTIMIZATION_LEVEL = 0;
				GCC_PREPROCESSOR_DEFINITIONS = (
					"DEBUG=1",
					"$(inherited)",
				);
				GCC_WARN_64_TO_32_BIT_CONVERSION = YES;
				GCC_WARN_ABOUT_RETURN_TYPE = YES_ERROR;
				GCC_WARN_UNDECLARED_SELECTOR = YES;
				GCC_WARN_UNINITIALIZED_AUTOS = YES_AGGRESSIVE;
				GCC_WARN_UNUSED_FUNCTION = YES;
				GCC_WARN_UNUSED_VARIABLE = YES;
				IPHONEOS_DEPLOYMENT_TARGET = 14.5;
				MTL_ENABLE_DEBUG_INFO = INCLUDE_SOURCE;
				MTL_FAST_MATH = YES;
				ONLY_ACTIVE_ARCH = YES;
				SDKROOT = iphoneos;
				SWIFT_ACTIVE_COMPILATION_CONDITIONS = DEBUG;
				SWIFT_OPTIMIZATION_LEVEL = "-Onone";
			};
			name = Debug;
		};
		D97A695726AB1CE700226229 /* Release */ = {
			isa = XCBuildConfiguration;
			buildSettings = {
				ALWAYS_SEARCH_USER_PATHS = NO;
				CLANG_ANALYZER_NONNULL = YES;
				CLANG_ANALYZER_NUMBER_OBJECT_CONVERSION = YES_AGGRESSIVE;
				CLANG_CXX_LANGUAGE_STANDARD = "gnu++14";
				CLANG_CXX_LIBRARY = "libc++";
				CLANG_ENABLE_MODULES = YES;
				CLANG_ENABLE_OBJC_ARC = YES;
				CLANG_ENABLE_OBJC_WEAK = YES;
				CLANG_WARN_BLOCK_CAPTURE_AUTORELEASING = YES;
				CLANG_WARN_BOOL_CONVERSION = YES;
				CLANG_WARN_COMMA = YES;
				CLANG_WARN_CONSTANT_CONVERSION = YES;
				CLANG_WARN_DEPRECATED_OBJC_IMPLEMENTATIONS = YES;
				CLANG_WARN_DIRECT_OBJC_ISA_USAGE = YES_ERROR;
				CLANG_WARN_DOCUMENTATION_COMMENTS = YES;
				CLANG_WARN_EMPTY_BODY = YES;
				CLANG_WARN_ENUM_CONVERSION = YES;
				CLANG_WARN_INFINITE_RECURSION = YES;
				CLANG_WARN_INT_CONVERSION = YES;
				CLANG_WARN_NON_LITERAL_NULL_CONVERSION = YES;
				CLANG_WARN_OBJC_IMPLICIT_RETAIN_SELF = YES;
				CLANG_WARN_OBJC_LITERAL_CONVERSION = YES;
				CLANG_WARN_OBJC_ROOT_CLASS = YES_ERROR;
				CLANG_WARN_QUOTED_INCLUDE_IN_FRAMEWORK_HEADER = YES;
				CLANG_WARN_RANGE_LOOP_ANALYSIS = YES;
				CLANG_WARN_STRICT_PROTOTYPES = YES;
				CLANG_WARN_SUSPICIOUS_MOVE = YES;
				CLANG_WARN_UNGUARDED_AVAILABILITY = YES_AGGRESSIVE;
				CLANG_WARN_UNREACHABLE_CODE = YES;
				CLANG_WARN__DUPLICATE_METHOD_MATCH = YES;
				COPY_PHASE_STRIP = NO;
				DEBUG_INFORMATION_FORMAT = "dwarf-with-dsym";
				ENABLE_NS_ASSERTIONS = NO;
				ENABLE_STRICT_OBJC_MSGSEND = YES;
				GCC_C_LANGUAGE_STANDARD = gnu11;
				GCC_NO_COMMON_BLOCKS = YES;
				GCC_WARN_64_TO_32_BIT_CONVERSION = YES;
				GCC_WARN_ABOUT_RETURN_TYPE = YES_ERROR;
				GCC_WARN_UNDECLARED_SELECTOR = YES;
				GCC_WARN_UNINITIALIZED_AUTOS = YES_AGGRESSIVE;
				GCC_WARN_UNUSED_FUNCTION = YES;
				GCC_WARN_UNUSED_VARIABLE = YES;
				IPHONEOS_DEPLOYMENT_TARGET = 14.5;
				MTL_ENABLE_DEBUG_INFO = NO;
				MTL_FAST_MATH = YES;
				SDKROOT = iphoneos;
				SWIFT_COMPILATION_MODE = wholemodule;
				SWIFT_OPTIMIZATION_LEVEL = "-O";
				VALIDATE_PRODUCT = YES;
			};
			name = Release;
		};
		D97A695926AB1CE700226229 /* Debug */ = {
			isa = XCBuildConfiguration;
			buildSettings = {
				ASSETCATALOG_COMPILER_APPICON_NAME = AppIcon;
				ASSETCATALOG_COMPILER_GLOBAL_ACCENT_COLOR_NAME = AccentColor;
				CODE_SIGN_STYLE = Automatic;
				DEVELOPMENT_ASSET_PATHS = "\"MessageBoard/Preview Content\"";
				DEVELOPMENT_TEAM = QSBKKKWY4F;
				ENABLE_PREVIEWS = YES;
				INFOPLIST_FILE = MessageBoard/Info.plist;
				IPHONEOS_DEPLOYMENT_TARGET = 14.0;
				LD_RUNPATH_SEARCH_PATHS = (
					"$(inherited)",
					"@executable_path/Frameworks",
				);
				PRODUCT_BUNDLE_IDENTIFIER = com.ginosesia.MessageBoard;
				PRODUCT_NAME = "$(TARGET_NAME)";
				SWIFT_VERSION = 5.0;
				TARGETED_DEVICE_FAMILY = "1,2";
			};
			name = Debug;
		};
		D97A695A26AB1CE700226229 /* Release */ = {
			isa = XCBuildConfiguration;
			buildSettings = {
				ASSETCATALOG_COMPILER_APPICON_NAME = AppIcon;
				ASSETCATALOG_COMPILER_GLOBAL_ACCENT_COLOR_NAME = AccentColor;
				CODE_SIGN_STYLE = Automatic;
				DEVELOPMENT_ASSET_PATHS = "\"MessageBoard/Preview Content\"";
				DEVELOPMENT_TEAM = QSBKKKWY4F;
				ENABLE_PREVIEWS = YES;
				INFOPLIST_FILE = MessageBoard/Info.plist;
				IPHONEOS_DEPLOYMENT_TARGET = 14.0;
				LD_RUNPATH_SEARCH_PATHS = (
					"$(inherited)",
					"@executable_path/Frameworks",
				);
				PRODUCT_BUNDLE_IDENTIFIER = com.ginosesia.MessageBoard;
				PRODUCT_NAME = "$(TARGET_NAME)";
				SWIFT_VERSION = 5.0;
				TARGETED_DEVICE_FAMILY = "1,2";
			};
			name = Release;
		};
/* End XCBuildConfiguration section */

/* Begin XCConfigurationList section */
		D97A694426AB1CE500226229 /* Build configuration list for PBXProject "MessageBoard" */ = {
			isa = XCConfigurationList;
			buildConfigurations = (
				D97A695626AB1CE700226229 /* Debug */,
				D97A695726AB1CE700226229 /* Release */,
			);
			defaultConfigurationIsVisible = 0;
			defaultConfigurationName = Release;
		};
		D97A695826AB1CE700226229 /* Build configuration list for PBXNativeTarget "MessageBoard" */ = {
			isa = XCConfigurationList;
			buildConfigurations = (
				D97A695926AB1CE700226229 /* Debug */,
				D97A695A26AB1CE700226229 /* Release */,
			);
			defaultConfigurationIsVisible = 0;
			defaultConfigurationName = Release;
		};
/* End XCConfigurationList section */
	};
	rootObject = D97A694126AB1CE500226229 /* Project object */;
}
